
Microsoft Visual Studio Solution File, Format Version 12.00
# Visual Studio Version 16
VisualStudioVersion = 16.0.30523.141
MinimumVisualStudioVersion = 10.0.40219.1
Project("{FAE04EC0-301F-11D3-BF4B-00C04F79EFBC}") = "Examples", "Examples\Examples.csproj", "{81158C54-C830-4056-B5D6-AE9059741B20}"
EndProject
Project("{FAE04EC0-301F-11D3-BF4B-00C04F79EFBC}") = "SharpFont", "SharpFont\SharpFont.csproj", "{ECD55E3B-1139-4F0D-AF63-3F471AAF6E91}"
EndProject
Project("{FAE04EC0-301F-11D3-BF4B-00C04F79EFBC}") = "SharpFont.Gdi", "SharpFont.GDI\SharpFont.Gdi.csproj", "{544493F1-3A5C-4576-975B-06B63CE0175F}"
EndProject
Project("{FAE04EC0-301F-11D3-BF4B-00C04F79EFBC}") = "SharpFont.HarfBuzz", "SharpFont.HarfBuzz\SharpFont.HarfBuzz.csproj", "{31457A69-1EF3-4CDC-8741-6DE3DDB82D3B}"
EndProject
Project("{FAE04EC0-301F-11D3-BF4B-00C04F79EFBC}") = "SharpFont.HarfBuzz.Example", "SharpFont.HarfBuzz.Example\SharpFont.HarfBuzz.Example.csproj", "{1D488727-E222-43A2-BBBD-095F17A488C8}"
EndProject
Project("{2150E333-8FDC-42A3-9474-1A3956D46DE8}") = "HarfBuzz", "HarfBuzz", "{11A19A77-0E52-4BC0-A098-5FD64908EAFA}"
EndProject
Project("{9A19103F-16F7-4668-BE54-9A1E7A4F7556}") = "SharpFont.NetStandard", "SharpFont.NetStandard\SharpFont.NetStandard.csproj", "{4A4E45E7-A7CD-4D90-A9F5-FC9C49DA6F6B}"
EndProject
Project("{2150E333-8FDC-42A3-9474-1A3956D46DE8}") = "Solution Items", "Solution Items", "{73A5CD08-EE88-460B-B0B3-414D09FC32F3}"
EndProject
Global
	GlobalSection(SolutionConfigurationPlatforms) = preSolution
		Debug|Any CPU = Debug|Any CPU
		Debug|x64 = Debug|x64
		Debug|x86 = Debug|x86
		Release|Any CPU = Release|Any CPU
		Release|x64 = Release|x64
		Release|x86 = Release|x86
		ReleaseNET20|Any CPU = ReleaseNET20|Any CPU
		ReleaseNET20|x64 = ReleaseNET20|x64
		ReleaseNET20|x86 = ReleaseNET20|x86
	EndGlobalSection
	GlobalSection(ProjectConfigurationPlatforms) = postSolution
		{81158C54-C830-4056-B5D6-AE9059741B20}.Debug|Any CPU.ActiveCfg = Debug|Any CPU
		{81158C54-C830-4056-B5D6-AE9059741B20}.Debug|Any CPU.Build.0 = Debug|Any CPU
		{81158C54-C830-4056-B5D6-AE9059741B20}.Debug|x64.ActiveCfg = Debug|Any CPU
		{81158C54-C830-4056-B5D6-AE9059741B20}.Debug|x64.Build.0 = Debug|Any CPU
		{81158C54-C830-4056-B5D6-AE9059741B20}.Debug|x86.ActiveCfg = Debug|Any CPU
		{81158C54-C830-4056-B5D6-AE9059741B20}.Debug|x86.Build.0 = Debug|Any CPU
		{81158C54-C830-4056-B5D6-AE9059741B20}.Release|Any CPU.ActiveCfg = Release|Any CPU
		{81158C54-C830-4056-B5D6-AE9059741B20}.Release|Any CPU.Build.0 = Release|Any CPU
		{81158C54-C830-4056-B5D6-AE9059741B20}.Release|x64.ActiveCfg = Release|Any CPU
		{81158C54-C830-4056-B5D6-AE9059741B20}.Release|x64.Build.0 = Release|Any CPU
		{81158C54-C830-4056-B5D6-AE9059741B20}.Release|x86.ActiveCfg = Release|Any CPU
		{81158C54-C830-4056-B5D6-AE9059741B20}.Release|x86.Build.0 = Release|Any CPU
		{81158C54-C830-4056-B5D6-AE9059741B20}.ReleaseNET20|Any CPU.ActiveCfg = ReleaseNET20|Any CPU
		{81158C54-C830-4056-B5D6-AE9059741B20}.ReleaseNET20|Any CPU.Build.0 = ReleaseNET20|Any CPU
		{81158C54-C830-4056-B5D6-AE9059741B20}.ReleaseNET20|x64.ActiveCfg = ReleaseNET20|Any CPU
		{81158C54-C830-4056-B5D6-AE9059741B20}.ReleaseNET20|x64.Build.0 = ReleaseNET20|Any CPU
		{81158C54-C830-4056-B5D6-AE9059741B20}.ReleaseNET20|x86.ActiveCfg = ReleaseNET20|Any CPU
		{81158C54-C830-4056-B5D6-AE9059741B20}.ReleaseNET20|x86.Build.0 = ReleaseNET20|Any CPU
		{ECD55E3B-1139-4F0D-AF63-3F471AAF6E91}.Debug|Any CPU.ActiveCfg = Debug|Any CPU
		{ECD55E3B-1139-4F0D-AF63-3F471AAF6E91}.Debug|Any CPU.Build.0 = Debug|Any CPU
		{ECD55E3B-1139-4F0D-AF63-3F471AAF6E91}.Debug|x64.ActiveCfg = Debug|Any CPU
		{ECD55E3B-1139-4F0D-AF63-3F471AAF6E91}.Debug|x64.Build.0 = Debug|Any CPU
		{ECD55E3B-1139-4F0D-AF63-3F471AAF6E91}.Debug|x86.ActiveCfg = Debug|Any CPU
		{ECD55E3B-1139-4F0D-AF63-3F471AAF6E91}.Debug|x86.Build.0 = Debug|Any CPU
		{ECD55E3B-1139-4F0D-AF63-3F471AAF6E91}.Release|Any CPU.ActiveCfg = Release|Any CPU
		{ECD55E3B-1139-4F0D-AF63-3F471AAF6E91}.Release|Any CPU.Build.0 = Release|Any CPU
		{ECD55E3B-1139-4F0D-AF63-3F471AAF6E91}.Release|x64.ActiveCfg = Release|Any CPU
		{ECD55E3B-1139-4F0D-AF63-3F471AAF6E91}.Release|x64.Build.0 = Release|Any CPU
		{ECD55E3B-1139-4F0D-AF63-3F471AAF6E91}.Release|x86.ActiveCfg = Release|Any CPU
		{ECD55E3B-1139-4F0D-AF63-3F471AAF6E91}.Release|x86.Build.0 = Release|Any CPU
		{ECD55E3B-1139-4F0D-AF63-3F471AAF6E91}.ReleaseNET20|Any CPU.ActiveCfg = ReleaseNET20|Any CPU
		{ECD55E3B-1139-4F0D-AF63-3F471AAF6E91}.ReleaseNET20|Any CPU.Build.0 = ReleaseNET20|Any CPU
		{ECD55E3B-1139-4F0D-AF63-3F471AAF6E91}.ReleaseNET20|x64.ActiveCfg = ReleaseNET20|Any CPU
		{ECD55E3B-1139-4F0D-AF63-3F471AAF6E91}.ReleaseNET20|x64.Build.0 = ReleaseNET20|Any CPU
		{ECD55E3B-1139-4F0D-AF63-3F471AAF6E91}.ReleaseNET20|x86.ActiveCfg = ReleaseNET20|Any CPU
		{ECD55E3B-1139-4F0D-AF63-3F471AAF6E91}.ReleaseNET20|x86.Build.0 = ReleaseNET20|Any CPU
		{544493F1-3A5C-4576-975B-06B63CE0175F}.Debug|Any CPU.ActiveCfg = Debug|Any CPU
		{544493F1-3A5C-4576-975B-06B63CE0175F}.Debug|Any CPU.Build.0 = Debug|Any CPU
		{544493F1-3A5C-4576-975B-06B63CE0175F}.Debug|x64.ActiveCfg = Debug|Any CPU
		{544493F1-3A5C-4576-975B-06B63CE0175F}.Debug|x64.Build.0 = Debug|Any CPU
		{544493F1-3A5C-4576-975B-06B63CE0175F}.Debug|x86.ActiveCfg = Debug|Any CPU
		{544493F1-3A5C-4576-975B-06B63CE0175F}.Debug|x86.Build.0 = Debug|Any CPU
		{544493F1-3A5C-4576-975B-06B63CE0175F}.Release|Any CPU.ActiveCfg = Release|Any CPU
		{544493F1-3A5C-4576-975B-06B63CE0175F}.Release|Any CPU.Build.0 = Release|Any CPU
		{544493F1-3A5C-4576-975B-06B63CE0175F}.Release|x64.ActiveCfg = Release|Any CPU
		{544493F1-3A5C-4576-975B-06B63CE0175F}.Release|x64.Build.0 = Release|Any CPU
		{544493F1-3A5C-4576-975B-06B63CE0175F}.Release|x86.ActiveCfg = Release|Any CPU
		{544493F1-3A5C-4576-975B-06B63CE0175F}.Release|x86.Build.0 = Release|Any CPU
		{544493F1-3A5C-4576-975B-06B63CE0175F}.ReleaseNET20|Any CPU.ActiveCfg = ReleaseNET20|Any CPU
		{544493F1-3A5C-4576-975B-06B63CE0175F}.ReleaseNET20|Any CPU.Build.0 = ReleaseNET20|Any CPU
		{544493F1-3A5C-4576-975B-06B63CE0175F}.ReleaseNET20|x64.ActiveCfg = ReleaseNET20|Any CPU
		{544493F1-3A5C-4576-975B-06B63CE0175F}.ReleaseNET20|x64.Build.0 = ReleaseNET20|Any CPU
		{544493F1-3A5C-4576-975B-06B63CE0175F}.ReleaseNET20|x86.ActiveCfg = ReleaseNET20|Any CPU
		{544493F1-3A5C-4576-975B-06B63CE0175F}.ReleaseNET20|x86.Build.0 = ReleaseNET20|Any CPU
		{31457A69-1EF3-4CDC-8741-6DE3DDB82D3B}.Debug|Any CPU.ActiveCfg = Debug|Any CPU
		{31457A69-1EF3-4CDC-8741-6DE3DDB82D3B}.Debug|Any CPU.Build.0 = Debug|Any CPU
		{31457A69-1EF3-4CDC-8741-6DE3DDB82D3B}.Debug|x64.ActiveCfg = Debug|Any CPU
		{31457A69-1EF3-4CDC-8741-6DE3DDB82D3B}.Debug|x64.Build.0 = Debug|Any CPU
		{31457A69-1EF3-4CDC-8741-6DE3DDB82D3B}.Debug|x86.ActiveCfg = Debug|Any CPU
		{31457A69-1EF3-4CDC-8741-6DE3DDB82D3B}.Debug|x86.Build.0 = Debug|Any CPU
		{31457A69-1EF3-4CDC-8741-6DE3DDB82D3B}.Release|Any CPU.ActiveCfg = Release|Any CPU
		{31457A69-1EF3-4CDC-8741-6DE3DDB82D3B}.Release|Any CPU.Build.0 = Release|Any CPU
		{31457A69-1EF3-4CDC-8741-6DE3DDB82D3B}.Release|x64.ActiveCfg = Release|Any CPU
		{31457A69-1EF3-4CDC-8741-6DE3DDB82D3B}.Release|x64.Build.0 = Release|Any CPU
		{31457A69-1EF3-4CDC-8741-6DE3DDB82D3B}.Release|x86.ActiveCfg = Release|Any CPU
		{31457A69-1EF3-4CDC-8741-6DE3DDB82D3B}.Release|x86.Build.0 = Release|Any CPU
		{31457A69-1EF3-4CDC-8741-6DE3DDB82D3B}.ReleaseNET20|Any CPU.ActiveCfg = Release|Any CPU
		{31457A69-1EF3-4CDC-8741-6DE3DDB82D3B}.ReleaseNET20|Any CPU.Build.0 = Release|Any CPU
		{31457A69-1EF3-4CDC-8741-6DE3DDB82D3B}.ReleaseNET20|x64.ActiveCfg = Release|Any CPU
		{31457A69-1EF3-4CDC-8741-6DE3DDB82D3B}.ReleaseNET20|x64.Build.0 = Release|Any CPU
		{31457A69-1EF3-4CDC-8741-6DE3DDB82D3B}.ReleaseNET20|x86.ActiveCfg = Release|Any CPU
		{31457A69-1EF3-4CDC-8741-6DE3DDB82D3B}.ReleaseNET20|x86.Build.0 = Release|Any CPU
		{1D488727-E222-43A2-BBBD-095F17A488C8}.Debug|Any CPU.ActiveCfg = Debug|Any CPU
		{1D488727-E222-43A2-BBBD-095F17A488C8}.Debug|Any CPU.Build.0 = Debug|Any CPU
		{1D488727-E222-43A2-BBBD-095F17A488C8}.Debug|x64.ActiveCfg = Debug|Any CPU
		{1D488727-E222-43A2-BBBD-095F17A488C8}.Debug|x64.Build.0 = Debug|Any CPU
		{1D488727-E222-43A2-BBBD-095F17A488C8}.Debug|x86.ActiveCfg = Debug|Any CPU
		{1D488727-E222-43A2-BBBD-095F17A488C8}.Debug|x86.Build.0 = Debug|Any CPU
		{1D488727-E222-43A2-BBBD-095F17A488C8}.Release|Any CPU.ActiveCfg = Release|Any CPU
		{1D488727-E222-43A2-BBBD-095F17A488C8}.Release|Any CPU.Build.0 = Release|Any CPU
		{1D488727-E222-43A2-BBBD-095F17A488C8}.Release|x64.ActiveCfg = Release|Any CPU
		{1D488727-E222-43A2-BBBD-095F17A488C8}.Release|x64.Build.0 = Release|Any CPU
		{1D488727-E222-43A2-BBBD-095F17A488C8}.Release|x86.ActiveCfg = Release|Any CPU
		{1D488727-E222-43A2-BBBD-095F17A488C8}.Release|x86.Build.0 = Release|Any CPU
		{1D488727-E222-43A2-BBBD-095F17A488C8}.ReleaseNET20|Any CPU.ActiveCfg = Release|Any CPU
		{1D488727-E222-43A2-BBBD-095F17A488C8}.ReleaseNET20|Any CPU.Build.0 = Release|Any CPU
		{1D488727-E222-43A2-BBBD-095F17A488C8}.ReleaseNET20|x64.ActiveCfg = Release|Any CPU
		{1D488727-E222-43A2-BBBD-095F17A488C8}.ReleaseNET20|x64.Build.0 = Release|Any CPU
		{1D488727-E222-43A2-BBBD-095F17A488C8}.ReleaseNET20|x86.ActiveCfg = Release|Any CPU
		{1D488727-E222-43A2-BBBD-095F17A488C8}.ReleaseNET20|x86.Build.0 = Release|Any CPU
		{4A4E45E7-A7CD-4D90-A9F5-FC9C49DA6F6B}.Debug|Any CPU.ActiveCfg = Debug|Any CPU
		{4A4E45E7-A7CD-4D90-A9F5-FC9C49DA6F6B}.Debug|Any CPU.Build.0 = Debug|Any CPU
		{4A4E45E7-A7CD-4D90-A9F5-FC9C49DA6F6B}.Debug|x64.ActiveCfg = Debug|x64
		{4A4E45E7-A7CD-4D90-A9F5-FC9C49DA6F6B}.Debug|x64.Build.0 = Debug|x64
		{4A4E45E7-A7CD-4D90-A9F5-FC9C49DA6F6B}.Debug|x86.ActiveCfg = Debug|x86
		{4A4E45E7-A7CD-4D90-A9F5-FC9C49DA6F6B}.Debug|x86.Build.0 = Debug|x86
		{4A4E45E7-A7CD-4D90-A9F5-FC9C49DA6F6B}.Release|Any CPU.ActiveCfg = Release|Any CPU
		{4A4E45E7-A7CD-4D90-A9F5-FC9C49DA6F6B}.Release|Any CPU.Build.0 = Release|Any CPU
		{4A4E45E7-A7CD-4D90-A9F5-FC9C49DA6F6B}.Release|x64.ActiveCfg = Release|x64
		{4A4E45E7-A7CD-4D90-A9F5-FC9C49DA6F6B}.Release|x64.Build.0 = Release|x64
		{4A4E45E7-A7CD-4D90-A9F5-FC9C49DA6F6B}.Release|x86.ActiveCfg = Release|Any CPU
		{4A4E45E7-A7CD-4D90-A9F5-FC9C49DA6F6B}.Release|x86.Build.0 = Release|Any CPU
		{4A4E45E7-A7CD-4D90-A9F5-FC9C49DA6F6B}.ReleaseNET20|Any CPU.ActiveCfg = Release|Any CPU
		{4A4E45E7-A7CD-4D90-A9F5-FC9C49DA6F6B}.ReleaseNET20|Any CPU.Build.0 = Release|Any CPU
		{4A4E45E7-A7CD-4D90-A9F5-FC9C49DA6F6B}.ReleaseNET20|x64.ActiveCfg = Release|x64
		{4A4E45E7-A7CD-4D90-A9F5-FC9C49DA6F6B}.ReleaseNET20|x64.Build.0 = Release|x64
		{4A4E45E7-A7CD-4D90-A9F5-FC9C49DA6F6B}.ReleaseNET20|x86.ActiveCfg = Release|x86
		{4A4E45E7-A7CD-4D90-A9F5-FC9C49DA6F6B}.ReleaseNET20|x86.Build.0 = Release|x86
	EndGlobalSection
	GlobalSection(SolutionProperties) = preSolution
		HideSolutionNode = FALSE
	EndGlobalSection
	GlobalSection(NestedProjects) = preSolution
		{31457A69-1EF3-4CDC-8741-6DE3DDB82D3B} = {11A19A77-0E52-4BC0-A098-5FD64908EAFA}
		{1D488727-E222-43A2-BBBD-095F17A488C8} = {11A19A77-0E52-4BC0-A098-5FD64908EAFA}
	EndGlobalSection
	GlobalSection(ExtensibilityGlobals) = postSolution
		SolutionGuid = {573CBE78-75B2-4EC2-A34D-B8143A96498D}
	EndGlobalSection
	GlobalSection(MonoDevelopProperties) = preSolution
		StartupItem = Examples\Examples.csproj
		Policies = $0
		$0.DotNetNamingPolicy = $1
		$1.DirectoryNamespaceAssociation = None
		$1.ResourceNamePolicy = FileFormatDefault
		$0.StandardHeader = $2
		$2.Text = 
		$2.IncludeInNewFiles = True
		$0.VersionControlPolicy = $3
		$3.inheritsSet = Mono
		$0.ChangeLogPolicy = $4
		$4.UpdateMode = None
		$4.MessageStyle = $5
		$5.LineAlign = 0
		$4.inheritsSet = Mono
	EndGlobalSection
EndGlobal
